<?xml version="1.0" encoding="utf-8"?>
<Project ToolsVersion="4.0" xmlns="http://schemas.microsoft.com/developer/msbuild/2003">
  <ItemGroup>
    <Filter Include="Source Files">
      <UniqueIdentifier>{4FC737F1-C7A5-4376-A066-2A32D752A2FF}</UniqueIdentifier>
      <Extensions>cpp;c;cc;cxx;c++;cppm;ixx;def;odl;idl;hpj;bat;asm;asmx</Extensions>
    </Filter>
    <Filter Include="Header Files">
      <UniqueIdentifier>{93995380-89BD-4b04-88EB-625FBE52EBFB}</UniqueIdentifier>
      <Extensions>h;hh;hpp;hxx;h++;hm;inl;inc;ipp;xsd</Extensions>
    </Filter>
    <Filter Include="Resource Files">
      <UniqueIdentifier>{67DA6AB6-F800-4c08-8B7A-83BB121AAD01}</UniqueIdentifier>
      <Extensions>rc;ico;cur;bmp;dlg;rc2;rct;bin;rgs;gif;jpg;jpeg;jpe;resx;tiff;tif;png;wav;mfcribbon-ms</Extensions>
    </Filter>
  </ItemGroup>
  <ItemGroup>
    <ClCompile Include="Source.cpp">
      <Filter>Source Files</Filter>
    </ClCompile>
    <ClCompile Include="SystemClass.cpp">
      <Filter>Source Files</Filter>
    </ClCompile>
    <ClCompile Include="CompanyBranches.cpp">
      <Filter>Source Files</Filter>
    </ClCompile>
    <ClCompile Include="Customer.cpp">
      <Filter>Source Files</Filter>
    </ClCompile>
    <ClCompile Include="DrivingLicense.cpp">
      <Filter>Source Files</Filter>
    </ClCompile>
    <ClCompile Include="CustomerHomeAdress.cpp">
      <Filter>Source Files</Filter>
    </ClCompile>
    <ClCompile Include="DateOfBirth.cpp">
      <Filter>Source Files</Filter>
    </ClCompile>
    <ClCompile Include="RentalSchedule.cpp">
      <Filter>Source Files</Filter>
    </ClCompile>
    <ClCompile Include="RentalStartDate.cpp">
      <Filter>Source Files</Filter>
    </ClCompile>
    <ClCompile Include="RentalEndDate.cpp">
      <Filter>Source Files</Filter>
    </ClCompile>
    <ClCompile Include="StartTime.cpp">
      <Filter>Source Files</Filter>
    </ClCompile>
    <ClCompile Include="EndTime.cpp">
      <Filter>Source Files</Filter>
    </ClCompile>
    <ClCompile Include="DrivingLicenseStartDay.cpp">
      <Filter>Source Files</Filter>
    </ClCompile>
    <ClCompile Include="DrivingLicenseEndDay.cpp">
      <Filter>Source Files</Filter>
    </ClCompile>
    <ClCompile Include="IdentificationInfos.cpp">
      <Filter>Source Files</Filter>
    </ClCompile>
    <ClCompile Include="LocationAddress.cpp">
      <Filter>Source Files</Filter>
    </ClCompile>
    <ClCompile Include="ContactClass.cpp">
      <Filter>Source Files</Filter>
    </ClCompile>
    <ClCompile Include="Car.cpp">
      <Filter>Source Files</Filter>
    </ClCompile>
    <ClCompile Include="CarReview.cpp">
      <Filter>Source Files</Filter>
    </ClCompile>
  </ItemGroup>
  <ItemGroup>
    <ClInclude Include="SystemClass.h">
      <Filter>Header Files</Filter>
    </ClInclude>
    <ClInclude Include="CompanyBranches.h">
      <Filter>Header Files</Filter>
    </ClInclude>
    <ClInclude Include="Customer.h">
      <Filter>Header Files</Filter>
    </ClInclude>
    <ClInclude Include="DrivingLicense.h">
      <Filter>Header Files</Filter>
    </ClInclude>
    <ClInclude Include="CustomerHomeAdress.h">
      <Filter>Header Files</Filter>
    </ClInclude>
    <ClInclude Include="DateOfBirth.h">
      <Filter>Header Files</Filter>
    </ClInclude>
    <ClInclude Include="RentalSchedule.h">
      <Filter>Header Files</Filter>
    </ClInclude>
    <ClInclude Include="RentalStartDate.h">
      <Filter>Header Files</Filter>
    </ClInclude>
    <ClInclude Include="RentalEndDate.h">
      <Filter>Header Files</Filter>
    </ClInclude>
    <ClInclude Include="StartTime.h">
      <Filter>Header Files</Filter>
    </ClInclude>
    <ClInclude Include="EndTime.h">
      <Filter>Header Files</Filter>
    </ClInclude>
    <ClInclude Include="DrivingLicenseStartDay.h">
      <Filter>Header Files</Filter>
    </ClInclude>
    <ClInclude Include="DrivingLicenseEndDay.h">
      <Filter>Header Files</Filter>
    </ClInclude>
    <ClInclude Include="IdentificationInfos.h">
      <Filter>Header Files</Filter>
    </ClInclude>
    <ClInclude Include="Menu.h">
      <Filter>Header Files</Filter>
    </ClInclude>
    <ClInclude Include="Prototypes.h">
      <Filter>Header Files</Filter>
    </ClInclude>
    <ClInclude Include="AdministratorOptions.h">
      <Filter>Header Files</Filter>
    </ClInclude>
    <ClInclude Include="ClientOptions.h">
      <Filter>Header Files</Filter>
    </ClInclude>
    <ClInclude Include="FirmRegistration.h">
      <Filter>Header Files</Filter>
    </ClInclude>
    <ClInclude Include="LocationAddress.h">
      <Filter>Header Files</Filter>
    </ClInclude>
    <ClInclude Include="ContactClass.h">
      <Filter>Header Files</Filter>
    </ClInclude>
    <ClInclude Include="Car.h">
      <Filter>Header Files</Filter>
    </ClInclude>
    <ClInclude Include="resource.h">
      <Filter>Header Files</Filter>
    </ClInclude>
    <ClInclude Include="CarReview.h">
      <Filter>Header Files</Filter>
    </ClInclude>
    <ClInclude Include="Validation.h">
      <Filter>Header Files</Filter>
    </ClInclude>
  </ItemGroup>
  <ItemGroup>
    <ResourceCompile Include="proiect_cpp.rc">
      <Filter>Resource Files</Filter>
    </ResourceCompile>
  </ItemGroup>
  <ItemGroup>
    <Text Include="ClientsDatabase.txt" />
    <Text Include="admin.txt">
      <Filter>Source Files</Filter>
    </Text>
  </ItemGroup>
</Project>